
Microsoft Visual Studio Solution File, Format Version 12.00
# Visual Studio Version 17
VisualStudioVersion = 17.14.36414.22
MinimumVisualStudioVersion = 10.0.40219.1
Project("{FAE04EC0-301F-11D3-BF4B-00C04F79EFBC}") = "OEP", "OEP.csproj", "{617BA3E3-C246-4E4F-824C-654150627102}"
EndProject
Project("{FAE04EC0-301F-11D3-BF4B-00C04F79EFBC}") = "Domain", "..\Domain\Domain.csproj", "{BD94673E-5E30-4C7A-A35C-2B0A410AB51A}"
EndProject
Project("{FAE04EC0-301F-11D3-BF4B-00C04F79EFBC}") = "Infrastructure", "..\Infrastructure\Infrastructure.csproj", "{AA860439-53B2-437C-A8BC-A89137D40A1F}"
EndProject
Project("{FAE04EC0-301F-11D3-BF4B-00C04F79EFBC}") = "OEP.Tests", "..\OEP.Tests\OEP.Tests.csproj", "{29879026-AEC1-4104-93F0-4DF088A6DB1E}"
EndProject
Global
	GlobalSection(SolutionConfigurationPlatforms) = preSolution
		Debug|Any CPU = Debug|Any CPU
		Release|Any CPU = Release|Any CPU
	EndGlobalSection
	GlobalSection(ProjectConfigurationPlatforms) = postSolution
		{617BA3E3-C246-4E4F-824C-654150627102}.Debug|Any CPU.ActiveCfg = Debug|Any CPU
		{617BA3E3-C246-4E4F-824C-654150627102}.Debug|Any CPU.Build.0 = Debug|Any CPU
		{617BA3E3-C246-4E4F-824C-654150627102}.Release|Any CPU.ActiveCfg = Release|Any CPU
		{617BA3E3-C246-4E4F-824C-654150627102}.Release|Any CPU.Build.0 = Release|Any CPU
		{BD94673E-5E30-4C7A-A35C-2B0A410AB51A}.Debug|Any CPU.ActiveCfg = Debug|Any CPU
		{BD94673E-5E30-4C7A-A35C-2B0A410AB51A}.Debug|Any CPU.Build.0 = Debug|Any CPU
		{BD94673E-5E30-4C7A-A35C-2B0A410AB51A}.Release|Any CPU.ActiveCfg = Release|Any CPU
		{BD94673E-5E30-4C7A-A35C-2B0A410AB51A}.Release|Any CPU.Build.0 = Release|Any CPU
		{AA860439-53B2-437C-A8BC-A89137D40A1F}.Debug|Any CPU.ActiveCfg = Debug|Any CPU
		{AA860439-53B2-437C-A8BC-A89137D40A1F}.Debug|Any CPU.Build.0 = Debug|Any CPU
		{AA860439-53B2-437C-A8BC-A89137D40A1F}.Release|Any CPU.ActiveCfg = Release|Any CPU
		{AA860439-53B2-437C-A8BC-A89137D40A1F}.Release|Any CPU.Build.0 = Release|Any CPU
		{29879026-AEC1-4104-93F0-4DF088A6DB1E}.Debug|Any CPU.ActiveCfg = Debug|Any CPU
		{29879026-AEC1-4104-93F0-4DF088A6DB1E}.Debug|Any CPU.Build.0 = Debug|Any CPU
		{29879026-AEC1-4104-93F0-4DF088A6DB1E}.Release|Any CPU.ActiveCfg = Release|Any CPU
		{29879026-AEC1-4104-93F0-4DF088A6DB1E}.Release|Any CPU.Build.0 = Release|Any CPU
	EndGlobalSection
	GlobalSection(SolutionProperties) = preSolution
		HideSolutionNode = FALSE
	EndGlobalSection
	GlobalSection(ExtensibilityGlobals) = postSolution
		SolutionGuid = {555E2082-B3B3-4957-B169-01670E3909E3}
	EndGlobalSection
EndGlobal
